// !$*UTF8*$!
{
	archiveVersion = 1;
	classes = {
	};
	objectVersion = 56;
	objects = {

/* Begin PBXBuildFile section */
		773F47742AAF3E06006C016D /* AppDelegate.swift in Sources */ = {isa = PBXBuildFile; fileRef = 773F47732AAF3E06006C016D /* AppDelegate.swift */; };
		773F47762AAF3E06006C016D /* SceneDelegate.swift in Sources */ = {isa = PBXBuildFile; fileRef = 773F47752AAF3E06006C016D /* SceneDelegate.swift */; };
		773F47782AAF3E06006C016D /* ViewController.swift in Sources */ = {isa = PBXBuildFile; fileRef = 773F47772AAF3E06006C016D /* ViewController.swift */; };
		773F477B2AAF3E06006C016D /* Main.storyboard in Resources */ = {isa = PBXBuildFile; fileRef = 773F47792AAF3E06006C016D /* Main.storyboard */; };
		773F477D2AAF3E07006C016D /* Assets.xcassets in Resources */ = {isa = PBXBuildFile; fileRef = 773F477C2AAF3E07006C016D /* Assets.xcassets */; };
		773F47802AAF3E07006C016D /* LaunchScreen.storyboard in Resources */ = {isa = PBXBuildFile; fileRef = 773F477E2AAF3E07006C016D /* LaunchScreen.storyboard */; };
		773F47882AAF4F6C006C016D /* ResultViewController.swift in Sources */ = {isa = PBXBuildFile; fileRef = 773F47872AAF4F6C006C016D /* ResultViewController.swift */; };
		773F478D2AAFAAB3006C016D /* Bill.swift in Sources */ = {isa = PBXBuildFile; fileRef = 773F478C2AAFAAB3006C016D /* Bill.swift */; };
		773F478F2AAFAAFB006C016D /* CalculateBrain.swift in Sources */ = {isa = PBXBuildFile; fileRef = 773F478E2AAFAAFB006C016D /* CalculateBrain.swift */; };
/* End PBXBuildFile section */

/* Begin PBXFileReference section */
		773F47702AAF3E06006C016D /* Calculate The Bill App.app */ = {isa = PBXFileReference; explicitFileType = wrapper.application; includeInIndex = 0; path = "Calculate The Bill App.app"; sourceTree = BUILT_PRODUCTS_DIR; };
		773F47732AAF3E06006C016D /* AppDelegate.swift */ = {isa = PBXFileReference; lastKnownFileType = sourcecode.swift; path = AppDelegate.swift; sourceTree = "<group>"; };
		773F47752AAF3E06006C016D /* SceneDelegate.swift */ = {isa = PBXFileReference; lastKnownFileType = sourcecode.swift; path = SceneDelegate.swift; sourceTree = "<group>"; };
		773F47772AAF3E06006C016D /* ViewController.swift */ = {isa = PBXFileReference; lastKnownFileType = sourcecode.swift; path = ViewController.swift; sourceTree = "<group>"; };
		773F477A2AAF3E06006C016D /* Base */ = {isa = PBXFileReference; lastKnownFileType = file.storyboard; name = Base; path = Base.lproj/Main.storyboard; sourceTree = "<group>"; };
		773F477C2AAF3E07006C016D /* Assets.xcassets */ = {isa = PBXFileReference; lastKnownFileType = folder.assetcatalog; path = Assets.xcassets; sourceTree = "<group>"; };
		773F477F2AAF3E07006C016D /* Base */ = {isa = PBXFileReference; lastKnownFileType = file.storyboard; name = Base; path = Base.lproj/LaunchScreen.storyboard; sourceTree = "<group>"; };
		773F47812AAF3E07006C016D /* Info.plist */ = {isa = PBXFileReference; lastKnownFileType = text.plist.xml; path = Info.plist; sourceTree = "<group>"; };
		773F47872AAF4F6C006C016D /* ResultViewController.swift */ = {isa = PBXFileReference; lastKnownFileType = sourcecode.swift; path = ResultViewController.swift; sourceTree = "<group>"; };
		773F478C2AAFAAB3006C016D /* Bill.swift */ = {isa = PBXFileReference; lastKnownFileType = sourcecode.swift; path = Bill.swift; sourceTree = "<group>"; };
		773F478E2AAFAAFB006C016D /* CalculateBrain.swift */ = {isa = PBXFileReference; lastKnownFileType = sourcecode.swift; path = CalculateBrain.swift; sourceTree = "<group>"; };
/* End PBXFileReference section */

/* Begin PBXFrameworksBuildPhase section */
		773F476D2AAF3E06006C016D /* Frameworks */ = {
			isa = PBXFrameworksBuildPhase;
			buildActionMask = 2147483647;
			files = (
			);
			runOnlyForDeploymentPostprocessing = 0;
		};
/* End PBXFrameworksBuildPhase section */

/* Begin PBXGroup section */
		773F47672AAF3E06006C016D = {
			isa = PBXGroup;
			children = (
				773F47722AAF3E06006C016D /* Calculate The Bill App */,
				773F47712AAF3E06006C016D /* Products */,
			);
			sourceTree = "<group>";
		};
		773F47712AAF3E06006C016D /* Products */ = {
			isa = PBXGroup;
			children = (
				773F47702AAF3E06006C016D /* Calculate The Bill App.app */,
			);
			name = Products;
			sourceTree = "<group>";
		};
		773F47722AAF3E06006C016D /* Calculate The Bill App */ = {
			isa = PBXGroup;
			children = (
				773F47732AAF3E06006C016D /* AppDelegate.swift */,
				773F47752AAF3E06006C016D /* SceneDelegate.swift */,
				773F478B2AAF5B4D006C016D /* Model */,
				773F47892AAF5AF2006C016D /* View */,
				773F478A2AAF5B0D006C016D /* Controller */,
				773F477C2AAF3E07006C016D /* Assets.xcassets */,
				773F477E2AAF3E07006C016D /* LaunchScreen.storyboard */,
				773F47812AAF3E07006C016D /* Info.plist */,
			);
			path = "Calculate The Bill App";
			sourceTree = "<group>";
		};
		773F47892AAF5AF2006C016D /* View */ = {
			isa = PBXGroup;
			children = (
				773F47792AAF3E06006C016D /* Main.storyboard */,
			);
			path = View;
			sourceTree = "<group>";
		};
		773F478A2AAF5B0D006C016D /* Controller */ = {
			isa = PBXGroup;
			children = (
				773F47872AAF4F6C006C016D /* ResultViewController.swift */,
				773F47772AAF3E06006C016D /* ViewController.swift */,
			);
			path = Controller;
			sourceTree = "<group>";
		};
		773F478B2AAF5B4D006C016D /* Model */ = {
			isa = PBXGroup;
			children = (
				773F478C2AAFAAB3006C016D /* Bill.swift */,
				773F478E2AAFAAFB006C016D /* CalculateBrain.swift */,
			);
			path = Model;
			sourceTree = "<group>";
		};
/* End PBXGroup section */

/* Begin PBXNativeTarget section */
		773F476F2AAF3E06006C016D /* Calculate The Bill App */ = {
			isa = PBXNativeTarget;
			buildConfigurationList = 773F47842AAF3E07006C016D /* Build configuration list for PBXNativeTarget "Calculate The Bill App" */;
			buildPhases = (
				773F476C2AAF3E06006C016D /* Sources */,
				773F476D2AAF3E06006C016D /* Frameworks */,
				773F476E2AAF3E06006C016D /* Resources */,
			);
			buildRules = (
			);
			dependencies = (
			);
			name = "Calculate The Bill App";
			productName = "Calculate The Bill App";
			productReference = 773F47702AAF3E06006C016D /* Calculate The Bill App.app */;
			productType = "com.apple.product-type.application";
		};
/* End PBXNativeTarget section */

/* Begin PBXProject section */
		773F47682AAF3E06006C016D /* Project object */ = {
			isa = PBXProject;
			attributes = {
				BuildIndependentTargetsInParallel = 1;
				LastSwiftUpdateCheck = 1430;
				LastUpgradeCheck = 1430;
				TargetAttributes = {
					773F476F2AAF3E06006C016D = {
						CreatedOnToolsVersion = 14.3;
					};
				};
			};
			buildConfigurationList = 773F476B2AAF3E06006C016D /* Build configuration list for PBXProject "Calculate The Bill App" */;
			compatibilityVersion = "Xcode 14.0";
			developmentRegion = en;
			hasScannedForEncodings = 0;
			knownRegions = (
				en,
				Base,
			);
			mainGroup = 773F47672AAF3E06006C016D;
			productRefGroup = 773F47712AAF3E06006C016D /* Products */;
			projectDirPath = "";
			projectRoot = "";
			targets = (
				773F476F2AAF3E06006C016D /* Calculate The Bill App */,
			);
		};
/* End PBXProject section */

/* Begin PBXResourcesBuildPhase section */
		773F476E2AAF3E06006C016D /* Resources */ = {
			isa = PBXResourcesBuildPhase;
			buildActionMask = 2147483647;
			files = (
				773F47802AAF3E07006C016D /* LaunchScreen.storyboard in Resources */,
				773F477D2AAF3E07006C016D /* Assets.xcassets in Resources */,
				773F477B2AAF3E06006C016D /* Main.storyboard in Resources */,
			);
			runOnlyForDeploymentPostprocessing = 0;
		};
/* End PBXResourcesBuildPhase section */

/* Begin PBXSourcesBuildPhase section */
		773F476C2AAF3E06006C016D /* Sources */ = {
			isa = PBXSourcesBuildPhase;
			buildActionMask = 2147483647;
			files = (
				773F47782AAF3E06006C016D /* ViewController.swift in Sources */,
				773F478D2AAFAAB3006C016D /* Bill.swift in Sources */,
				773F47742AAF3E06006C016D /* AppDelegate.swift in Sources */,
				773F478F2AAFAAFB006C016D /* CalculateBrain.swift in Sources */,
				773F47762AAF3E06006C016D /* SceneDelegate.swift in Sources */,
				773F47882AAF4F6C006C016D /* ResultViewController.swift in Sources */,
			);
			runOnlyForDeploymentPostprocessing = 0;
		};
/* End PBXSourcesBuildPhase section */

/* Begin PBXVariantGroup section */
		773F47792AAF3E06006C016D /* Main.storyboard */ = {
			isa = PBXVariantGroup;
			children = (
				773F477A2AAF3E06006C016D /* Base */,
			);
			name = Main.storyboard;
			sourceTree = "<group>";
		};
		773F477E2AAF3E07006C016D /* LaunchScreen.storyboard */ = {
			isa = PBXVariantGroup;
			children = (
				773F477F2AAF3E07006C016D /* Base */,
			);
			name = LaunchScreen.storyboard;
			sourceTree = "<group>";
		};
/* End PBXVariantGroup section */

/* Begin XCBuildConfiguration section */
		773F47822AAF3E07006C016D /* Debug */ = {
			isa = XCBuildConfiguration;
			buildSettings = {
				ALWAYS_SEARCH_USER_PATHS = NO;
				CLANG_ANALYZER_NONNULL = YES;
				CLANG_ANALYZER_NUMBER_OBJECT_CONVERSION = YES_AGGRESSIVE;
				CLANG_CXX_LANGUAGE_STANDARD = "gnu++20";
				CLANG_ENABLE_MODULES = YES;
				CLANG_ENABLE_OBJC_ARC = YES;
				CLANG_ENABLE_OBJC_WEAK = YES;
				CLANG_WARN_BLOCK_CAPTURE_AUTORELEASING = YES;
				CLANG_WARN_BOOL_CONVERSION = YES;
				CLANG_WARN_COMMA = YES;
				CLANG_WARN_CONSTANT_CONVERSION = YES;
				CLANG_WARN_DEPRECATED_OBJC_IMPLEMENTATIONS = YES;
				CLANG_WARN_DIRECT_OBJC_ISA_USAGE = YES_ERROR;
				CLANG_WARN_DOCUMENTATION_COMMENTS = YES;
				CLANG_WARN_EMPTY_BODY = YES;
				CLANG_WARN_ENUM_CONVERSION = YES;
				CLANG_WARN_INFINITE_RECURSION = YES;
				CLANG_WARN_INT_CONVERSION = YES;
				CLANG_WARN_NON_LITERAL_NULL_CONVERSION = YES;
				CLANG_WARN_OBJC_IMPLICIT_RETAIN_SELF = YES;
				CLANG_WARN_OBJC_LITERAL_CONVERSION = YES;
				CLANG_WARN_OBJC_ROOT_CLASS = YES_ERROR;
				CLANG_WARN_QUOTED_INCLUDE_IN_FRAMEWORK_HEADER = YES;
				CLANG_WARN_RANGE_LOOP_ANALYSIS = YES;
				CLANG_WARN_STRICT_PROTOTYPES = YES;
				CLANG_WARN_SUSPICIOUS_MOVE = YES;
				CLANG_WARN_UNGUARDED_AVAILABILITY = YES_AGGRESSIVE;
				CLANG_WARN_UNREACHABLE_CODE = YES;
				CLANG_WARN__DUPLICATE_METHOD_MATCH = YES;
				COPY_PHASE_STRIP = NO;
				DEBUG_INFORMATION_FORMAT = dwarf;
				ENABLE_STRICT_OBJC_MSGSEND = YES;
				ENABLE_TESTABILITY = YES;
				GCC_C_LANGUAGE_STANDARD = gnu11;
				GCC_DYNAMIC_NO_PIC = NO;
				GCC_NO_COMMON_BLOCKS = YES;
				GCC_OPTIMIZATION_LEVEL = 0;
				GCC_PREPROCESSOR_DEFINITIONS = (
					"DEBUG=1",
					"$(inherited)",
				);
				GCC_WARN_64_TO_32_BIT_CONVERSION = YES;
				GCC_WARN_ABOUT_RETURN_TYPE = YES_ERROR;
				GCC_WARN_UNDECLARED_SELECTOR = YES;
				GCC_WARN_UNINITIALIZED_AUTOS = YES_AGGRESSIVE;
				GCC_WARN_UNUSED_FUNCTION = YES;
				GCC_WARN_UNUSED_VARIABLE = YES;
				IPHONEOS_DEPLOYMENT_TARGET = 16.4;
				MTL_ENABLE_DEBUG_INFO = INCLUDE_SOURCE;
				MTL_FAST_MATH = YES;
				ONLY_ACTIVE_ARCH = YES;
				SDKROOT = iphoneos;
				SWIFT_ACTIVE_COMPILATION_CONDITIONS = DEBUG;
				SWIFT_OPTIMIZATION_LEVEL = "-Onone";
			};
			name = Debug;
		};
		773F47832AAF3E07006C016D /* Release */ = {
			isa = XCBuildConfiguration;
			buildSettings = {
				ALWAYS_SEARCH_USER_PATHS = NO;
				CLANG_ANALYZER_NONNULL = YES;
				CLANG_ANALYZER_NUMBER_OBJECT_CONVERSION = YES_AGGRESSIVE;
				CLANG_CXX_LANGUAGE_STANDARD = "gnu++20";
				CLANG_ENABLE_MODULES = YES;
				CLANG_ENABLE_OBJC_ARC = YES;
				CLANG_ENABLE_OBJC_WEAK = YES;
				CLANG_WARN_BLOCK_CAPTURE_AUTORELEASING = YES;
				CLANG_WARN_BOOL_CONVERSION = YES;
				CLANG_WARN_COMMA = YES;
				CLANG_WARN_CONSTANT_CONVERSION = YES;
				CLANG_WARN_DEPRECATED_OBJC_IMPLEMENTATIONS = YES;
				CLANG_WARN_DIRECT_OBJC_ISA_USAGE = YES_ERROR;
				CLANG_WARN_DOCUMENTATION_COMMENTS = YES;
				CLANG_WARN_EMPTY_BODY = YES;
				CLANG_WARN_ENUM_CONVERSION = YES;
				CLANG_WARN_INFINITE_RECURSION = YES;
				CLANG_WARN_INT_CONVERSION = YES;
				CLANG_WARN_NON_LITERAL_NULL_CONVERSION = YES;
				CLANG_WARN_OBJC_IMPLICIT_RETAIN_SELF = YES;
				CLANG_WARN_OBJC_LITERAL_CONVERSION = YES;
				CLANG_WARN_OBJC_ROOT_CLASS = YES_ERROR;
				CLANG_WARN_QUOTED_INCLUDE_IN_FRAMEWORK_HEADER = YES;
				CLANG_WARN_RANGE_LOOP_ANALYSIS = YES;
				CLANG_WARN_STRICT_PROTOTYPES = YES;
				CLANG_WARN_SUSPICIOUS_MOVE = YES;
				CLANG_WARN_UNGUARDED_AVAILABILITY = YES_AGGRESSIVE;
				CLANG_WARN_UNREACHABLE_CODE = YES;
				CLANG_WARN__DUPLICATE_METHOD_MATCH = YES;
				COPY_PHASE_STRIP = NO;
				DEBUG_INFORMATION_FORMAT = "dwarf-with-dsym";
				ENABLE_NS_ASSERTIONS = NO;
				ENABLE_STRICT_OBJC_MSGSEND = YES;
				GCC_C_LANGUAGE_STANDARD = gnu11;
				GCC_NO_COMMON_BLOCKS = YES;
				GCC_WARN_64_TO_32_BIT_CONVERSION = YES;
				GCC_WARN_ABOUT_RETURN_TYPE = YES_ERROR;
				GCC_WARN_UNDECLARED_SELECTOR = YES;
				GCC_WARN_UNINITIALIZED_AUTOS = YES_AGGRESSIVE;
				GCC_WARN_UNUSED_FUNCTION = YES;
				GCC_WARN_UNUSED_VARIABLE = YES;
				IPHONEOS_DEPLOYMENT_TARGET = 16.4;
				MTL_ENABLE_DEBUG_INFO = NO;
				MTL_FAST_MATH = YES;
				SDKROOT = iphoneos;
				SWIFT_COMPILATION_MODE = wholemodule;
				SWIFT_OPTIMIZATION_LEVEL = "-O";
				VALIDATE_PRODUCT = YES;
			};
			name = Release;
		};
		773F47852AAF3E07006C016D /* Debug */ = {
			isa = XCBuildConfiguration;
			buildSettings = {
				ASSETCATALOG_COMPILER_APPICON_NAME = AppIcon;
				ASSETCATALOG_COMPILER_GLOBAL_ACCENT_COLOR_NAME = AccentColor;
				CODE_SIGN_STYLE = Automatic;
				CURRENT_PROJECT_VERSION = 1;
				DEVELOPMENT_TEAM = 7ZSB6QA387;
				GENERATE_INFOPLIST_FILE = YES;
				INFOPLIST_FILE = "Calculate The Bill App/Info.plist";
				INFOPLIST_KEY_UIApplicationSupportsIndirectInputEvents = YES;
				INFOPLIST_KEY_UILaunchStoryboardName = LaunchScreen;
				INFOPLIST_KEY_UIMainStoryboardFile = Main;
				INFOPLIST_KEY_UISupportedInterfaceOrientations_iPad = "UIInterfaceOrientationPortrait UIInterfaceOrientationPortraitUpsideDown UIInterfaceOrientationLandscapeLeft UIInterfaceOrientationLandscapeRight";
				INFOPLIST_KEY_UISupportedInterfaceOrientations_iPhone = "UIInterfaceOrientationPortrait UIInterfaceOrientationLandscapeLeft UIInterfaceOrientationLandscapeRight";
				IPHONEOS_DEPLOYMENT_TARGET = 15.4;
				LD_RUNPATH_SEARCH_PATHS = (
					"$(inherited)",
					"@executable_path/Frameworks",
				);
				MARKETING_VERSION = 1.0;
				PRODUCT_BUNDLE_IDENTIFIER = "co.webground.calculatethebillapp.Calculate-The-Bill-App";
				PRODUCT_NAME = "$(TARGET_NAME)";
				SWIFT_EMIT_LOC_STRINGS = YES;
				SWIFT_VERSION = 5.0;
				TARGETED_DEVICE_FAMILY = "1,2";
			};
			name = Debug;
		};
		773F47862AAF3E07006C016D /* Release */ = {
			isa = XCBuildConfiguration;
			buildSettings = {
				ASSETCATALOG_COMPILER_APPICON_NAME = AppIcon;
				ASSETCATALOG_COMPILER_GLOBAL_ACCENT_COLOR_NAME = AccentColor;
				CODE_SIGN_STYLE = Automatic;
				CURRENT_PROJECT_VERSION = 1;
				DEVELOPMENT_TEAM = 7ZSB6QA387;
				GENERATE_INFOPLIST_FILE = YES;
				INFOPLIST_FILE = "Calculate The Bill App/Info.plist";
				INFOPLIST_KEY_UIApplicationSupportsIndirectInputEvents = YES;
				INFOPLIST_KEY_UILaunchStoryboardName = LaunchScreen;
				INFOPLIST_KEY_UIMainStoryboardFile = Main;
				INFOPLIST_KEY_UISupportedInterfaceOrientations_iPad = "UIInterfaceOrientationPortrait UIInterfaceOrientationPortraitUpsideDown UIInterfaceOrientationLandscapeLeft UIInterfaceOrientationLandscapeRight";
				INFOPLIST_KEY_UISupportedInterfaceOrientations_iPhone = "UIInterfaceOrientationPortrait UIInterfaceOrientationLandscapeLeft UIInterfaceOrientationLandscapeRight";
				IPHONEOS_DEPLOYMENT_TARGET = 15.4;
				LD_RUNPATH_SEARCH_PATHS = (
					"$(inherited)",
					"@executable_path/Frameworks",
				);
				MARKETING_VERSION = 1.0;
				PRODUCT_BUNDLE_IDENTIFIER = "co.webground.calculatethebillapp.Calculate-The-Bill-App";
				PRODUCT_NAME = "$(TARGET_NAME)";
				SWIFT_EMIT_LOC_STRINGS = YES;
				SWIFT_VERSION = 5.0;
				TARGETED_DEVICE_FAMILY = "1,2";
			};
			name = Release;
		};
/* End XCBuildConfiguration section */

/* Begin XCConfigurationList section */
		773F476B2AAF3E06006C016D /* Build configuration list for PBXProject "Calculate The Bill App" */ = {
			isa = XCConfigurationList;
			buildConfigurations = (
				773F47822AAF3E07006C016D /* Debug */,
				773F47832AAF3E07006C016D /* Release */,
			);
			defaultConfigurationIsVisible = 0;
			defaultConfigurationName = Release;
		};
		773F47842AAF3E07006C016D /* Build configuration list for PBXNativeTarget "Calculate The Bill App" */ = {
			isa = XCConfigurationList;
			buildConfigurations = (
				773F47852AAF3E07006C016D /* Debug */,
				773F47862AAF3E07006C016D /* Release */,
			);
			defaultConfigurationIsVisible = 0;
			defaultConfigurationName = Release;
		};
/* End XCConfigurationList section */
	};
	rootObject = 773F47682AAF3E06006C016D /* Project object */;
}
